# @generated - this file is auto-generated by `mise lock` https://mise.jdx.dev/dev-tools/mise-lock.html

[[tools.ktlint]]
version = "1.8.0"
backend = "aqua:pinterest/ktlint"

[tools.ktlint."platforms.linux-x64"]
checksum = "sha256:3722801dd119b96a2fbeda0b9d66f173994f249998c87bcf2274b51977aa8f77"
url = "https://github.com/ktlint/ktlint/releases/download/1.8.0/ktlint-1.8.0.zip"
url_api = "https://api.github.com/repos/ktlint/ktlint/releases/assets/316074523"

[tools.ktlint."platforms.macos-arm64"]
checksum = "sha256:3722801dd119b96a2fbeda0b9d66f173994f249998c87bcf2274b51977aa8f77"
url = "https://github.com/ktlint/ktlint/releases/download/1.8.0/ktlint-1.8.0.zip"
url_api = "https://api.github.com/repos/ktlint/ktlint/releases/assets/316074523"

[[tools.prek]]
version = "0.4.8"
backend = "aqua:j178/prek"

[tools.prek."platforms.linux-x64"]
checksum = "sha256:21df9ac0c3d3c047e424be612cc55f5b243546f9ef5cde12ed134752312bdf7b"
url = "https://github.com/j178/prek/releases/download/v0.4.8/prek-x86_64-unknown-linux-musl.tar.gz"
url_api = "https://api.github.com/repos/j178/prek/releases/assets/466303341"
provenance = "github-attestations"

[tools.prek."platforms.macos-arm64"]
checksum = "sha256:f0084a9b5ce467c00306b2b329cc929744e2723ed1e7c369929a60ab10196fcc"
url = "https://github.com/j178/prek/releases/download/v0.4.8/prek-aarch64-apple-darwin.tar.gz"
url_api = "https://api.github.com/repos/j178/prek/releases/assets/466303279"
provenance = "github-attestations"
