# @generated - this file is auto-generated by `mise lock` https://mise.jdx.dev/dev-tools/mise-lock.html

[[tools.java]]
version = "temurin-17.0.19+10"
backend = "core:java"

[tools.java."platforms.linux-x64"]
checksum = "sha256:d8afc263758141a66e0e3aafc321e783f7016696f4eaea067d340a269037d331"
url = "https://github.com/adoptium/temurin17-binaries/releases/download/jdk-17.0.19%2B10/OpenJDK17U-jdk_x64_linux_hotspot_17.0.19_10.tar.gz"

[tools.java."platforms.macos-arm64"]
checksum = "sha256:8fa1eff40bb637a33613b2ccb8b12c70dc3661cc22cf8e784943715769a05336"
url = "https://github.com/adoptium/temurin17-binaries/releases/download/jdk-17.0.19%2B10/OpenJDK17U-jdk_aarch64_mac_hotspot_17.0.19_10.tar.gz"
